// !$*UTF8*$!
{
	archiveVersion = 1;
	classes = {
	};
	objectVersion = 55;
	objects = {

/* Begin PBXBuildFile section */
		D20966A22885CD3D00FFB5BA /* HeroModel.swift in Sources */ = {isa = PBXBuildFile; fileRef = D20966A12885CD3D00FFB5BA /* HeroModel.swift */; };
		D20966A42885E95B00FFB5BA /* TransformationModel.swift in Sources */ = {isa = PBXBuildFile; fileRef = D20966A32885E95B00FFB5BA /* TransformationModel.swift */; };
		D20966A72885F46C00FFB5BA /* TransformationsTableViewController.swift in Sources */ = {isa = PBXBuildFile; fileRef = D20966A52885F46C00FFB5BA /* TransformationsTableViewController.swift */; };
		D20966A82885F46C00FFB5BA /* TransformationsTableViewController.xib in Resources */ = {isa = PBXBuildFile; fileRef = D20966A62885F46C00FFB5BA /* TransformationsTableViewController.xib */; };
		D21B13552889CFE7007A8F83 /* LocalDataModelTests.swift in Sources */ = {isa = PBXBuildFile; fileRef = D21B13542889CFE7007A8F83 /* LocalDataModelTests.swift */; };
		D21B13572889D15D007A8F83 /* NetworkModelTests.swift in Sources */ = {isa = PBXBuildFile; fileRef = D21B13562889D15D007A8F83 /* NetworkModelTests.swift */; };
		D21B13592889D3E6007A8F83 /* URLSessionMock.swift in Sources */ = {isa = PBXBuildFile; fileRef = D21B13582889D3E6007A8F83 /* URLSessionMock.swift */; };
		D21B135B2889D549007A8F83 /* heroes.json in Resources */ = {isa = PBXBuildFile; fileRef = D21B135A2889D549007A8F83 /* heroes.json */; };
		D22FEB58288B2C7C002E2FD4 /* SettingsViewController.swift in Sources */ = {isa = PBXBuildFile; fileRef = D22FEB56288B2C7C002E2FD4 /* SettingsViewController.swift */; };
		D22FEB59288B2C7C002E2FD4 /* SettingsViewController.xib in Resources */ = {isa = PBXBuildFile; fileRef = D22FEB57288B2C7C002E2FD4 /* SettingsViewController.xib */; };
		D2BCB2C8288A0EB1003299E2 /* transformations.json in Resources */ = {isa = PBXBuildFile; fileRef = D2BCB2C7288A0EB1003299E2 /* transformations.json */; };
		D2CED47E287B47AD0012802F /* AppDelegate.swift in Sources */ = {isa = PBXBuildFile; fileRef = D2CED47D287B47AD0012802F /* AppDelegate.swift */; };
		D2CED480287B47AD0012802F /* SceneDelegate.swift in Sources */ = {isa = PBXBuildFile; fileRef = D2CED47F287B47AD0012802F /* SceneDelegate.swift */; };
		D2CED487287B47AE0012802F /* Assets.xcassets in Resources */ = {isa = PBXBuildFile; fileRef = D2CED486287B47AE0012802F /* Assets.xcassets */; };
		D2CED48A287B47AE0012802F /* LaunchScreen.storyboard in Resources */ = {isa = PBXBuildFile; fileRef = D2CED488287B47AE0012802F /* LaunchScreen.storyboard */; };
		D2CED496287B48920012802F /* LoginViewController.swift in Sources */ = {isa = PBXBuildFile; fileRef = D2CED494287B48920012802F /* LoginViewController.swift */; };
		D2CED497287B48920012802F /* LoginViewController.xib in Resources */ = {isa = PBXBuildFile; fileRef = D2CED495287B48920012802F /* LoginViewController.xib */; };
		D2FF74172882F52500C6355B /* HeroesTableViewController.swift in Sources */ = {isa = PBXBuildFile; fileRef = D2FF74152882F52500C6355B /* HeroesTableViewController.swift */; };
		D2FF74182882F52500C6355B /* HeroesTableViewController.xib in Resources */ = {isa = PBXBuildFile; fileRef = D2FF74162882F52500C6355B /* HeroesTableViewController.xib */; };
		D2FF741C288301F200C6355B /* TableViewCell.swift in Sources */ = {isa = PBXBuildFile; fileRef = D2FF741A288301F200C6355B /* TableViewCell.swift */; };
		D2FF741D288301F200C6355B /* TableViewCell.xib in Resources */ = {isa = PBXBuildFile; fileRef = D2FF741B288301F200C6355B /* TableViewCell.xib */; };
		D2FF7420288307A900C6355B /* UIImageViewExtension.swift in Sources */ = {isa = PBXBuildFile; fileRef = D2FF741F288307A900C6355B /* UIImageViewExtension.swift */; };
		D2FF742328831BED00C6355B /* DetailViewController.swift in Sources */ = {isa = PBXBuildFile; fileRef = D2FF742128831BED00C6355B /* DetailViewController.swift */; };
		D2FF742428831BED00C6355B /* DetailViewController.xib in Resources */ = {isa = PBXBuildFile; fileRef = D2FF742228831BED00C6355B /* DetailViewController.xib */; };
		D2FF742628833A5500C6355B /* NetworkModel.swift in Sources */ = {isa = PBXBuildFile; fileRef = D2FF742528833A5500C6355B /* NetworkModel.swift */; };
		D2FF742828833BD000C6355B /* UIViewControllerExtension.swift in Sources */ = {isa = PBXBuildFile; fileRef = D2FF742728833BCF00C6355B /* UIViewControllerExtension.swift */; };
		D2FF742A28833F2300C6355B /* LocalDataModel.swift in Sources */ = {isa = PBXBuildFile; fileRef = D2FF742928833F2300C6355B /* LocalDataModel.swift */; };
/* End PBXBuildFile section */

/* Begin PBXContainerItemProxy section */
		D2FEFD23287CC73400F11358 /* PBXContainerItemProxy */ = {
			isa = PBXContainerItemProxy;
			containerPortal = D2CED472287B47AD0012802F /* Project object */;
			proxyType = 1;
			remoteGlobalIDString = D2CED479287B47AD0012802F;
			remoteInfo = DragonBallXibs;
		};
/* End PBXContainerItemProxy section */

/* Begin PBXFileReference section */
		D20966A12885CD3D00FFB5BA /* HeroModel.swift */ = {isa = PBXFileReference; lastKnownFileType = sourcecode.swift; path = HeroModel.swift; sourceTree = "<group>"; };
		D20966A32885E95B00FFB5BA /* TransformationModel.swift */ = {isa = PBXFileReference; lastKnownFileType = sourcecode.swift; path = TransformationModel.swift; sourceTree = "<group>"; };
		D20966A52885F46C00FFB5BA /* TransformationsTableViewController.swift */ = {isa = PBXFileReference; lastKnownFileType = sourcecode.swift; path = TransformationsTableViewController.swift; sourceTree = "<group>"; };
		D20966A62885F46C00FFB5BA /* TransformationsTableViewController.xib */ = {isa = PBXFileReference; lastKnownFileType = file.xib; path = TransformationsTableViewController.xib; sourceTree = "<group>"; };
		D21B13542889CFE7007A8F83 /* LocalDataModelTests.swift */ = {isa = PBXFileReference; lastKnownFileType = sourcecode.swift; path = LocalDataModelTests.swift; sourceTree = "<group>"; };
		D21B13562889D15D007A8F83 /* NetworkModelTests.swift */ = {isa = PBXFileReference; lastKnownFileType = sourcecode.swift; path = NetworkModelTests.swift; sourceTree = "<group>"; };
		D21B13582889D3E6007A8F83 /* URLSessionMock.swift */ = {isa = PBXFileReference; lastKnownFileType = sourcecode.swift; path = URLSessionMock.swift; sourceTree = "<group>"; };
		D21B135A2889D549007A8F83 /* heroes.json */ = {isa = PBXFileReference; fileEncoding = 4; lastKnownFileType = text.json; name = heroes.json; path = ../../../../KeepCoding/04.IOS.FUNDAMENTOS/6/DragonBall/DragonBallTests/heroes.json; sourceTree = "<group>"; };
		D22FEB56288B2C7C002E2FD4 /* SettingsViewController.swift */ = {isa = PBXFileReference; lastKnownFileType = sourcecode.swift; path = SettingsViewController.swift; sourceTree = "<group>"; };
		D22FEB57288B2C7C002E2FD4 /* SettingsViewController.xib */ = {isa = PBXFileReference; lastKnownFileType = file.xib; path = SettingsViewController.xib; sourceTree = "<group>"; };
		D2BCB2C7288A0EB1003299E2 /* transformations.json */ = {isa = PBXFileReference; lastKnownFileType = text.json; path = transformations.json; sourceTree = "<group>"; };
		D2CED47A287B47AD0012802F /* DragonBallXibs.app */ = {isa = PBXFileReference; explicitFileType = wrapper.application; includeInIndex = 0; path = DragonBallXibs.app; sourceTree = BUILT_PRODUCTS_DIR; };
		D2CED47D287B47AD0012802F /* AppDelegate.swift */ = {isa = PBXFileReference; lastKnownFileType = sourcecode.swift; path = AppDelegate.swift; sourceTree = "<group>"; };
		D2CED47F287B47AD0012802F /* SceneDelegate.swift */ = {isa = PBXFileReference; lastKnownFileType = sourcecode.swift; path = SceneDelegate.swift; sourceTree = "<group>"; };
		D2CED486287B47AE0012802F /* Assets.xcassets */ = {isa = PBXFileReference; lastKnownFileType = folder.assetcatalog; path = Assets.xcassets; sourceTree = "<group>"; };
		D2CED489287B47AE0012802F /* Base */ = {isa = PBXFileReference; lastKnownFileType = file.storyboard; name = Base; path = Base.lproj/LaunchScreen.storyboard; sourceTree = "<group>"; };
		D2CED48B287B47AE0012802F /* Info.plist */ = {isa = PBXFileReference; lastKnownFileType = text.plist.xml; path = Info.plist; sourceTree = "<group>"; };
		D2CED494287B48920012802F /* LoginViewController.swift */ = {isa = PBXFileReference; lastKnownFileType = sourcecode.swift; path = LoginViewController.swift; sourceTree = "<group>"; };
		D2CED495287B48920012802F /* LoginViewController.xib */ = {isa = PBXFileReference; lastKnownFileType = file.xib; path = LoginViewController.xib; sourceTree = "<group>"; };
		D2FEFD1F287CC73400F11358 /* DragonBallXibsTests.xctest */ = {isa = PBXFileReference; explicitFileType = wrapper.cfbundle; includeInIndex = 0; path = DragonBallXibsTests.xctest; sourceTree = BUILT_PRODUCTS_DIR; };
		D2FF74152882F52500C6355B /* HeroesTableViewController.swift */ = {isa = PBXFileReference; lastKnownFileType = sourcecode.swift; path = HeroesTableViewController.swift; sourceTree = "<group>"; };
		D2FF74162882F52500C6355B /* HeroesTableViewController.xib */ = {isa = PBXFileReference; lastKnownFileType = file.xib; path = HeroesTableViewController.xib; sourceTree = "<group>"; };
		D2FF741A288301F200C6355B /* TableViewCell.swift */ = {isa = PBXFileReference; lastKnownFileType = sourcecode.swift; path = TableViewCell.swift; sourceTree = "<group>"; };
		D2FF741B288301F200C6355B /* TableViewCell.xib */ = {isa = PBXFileReference; lastKnownFileType = file.xib; path = TableViewCell.xib; sourceTree = "<group>"; };
		D2FF741F288307A900C6355B /* UIImageViewExtension.swift */ = {isa = PBXFileReference; fileEncoding = 4; lastKnownFileType = sourcecode.swift; name = UIImageViewExtension.swift; path = ../../../../../KeepCoding/04.IOS.FUNDAMENTOS/6/DragonBall/DragonBall/Extensions/UIImageViewExtension.swift; sourceTree = "<group>"; };
		D2FF742128831BED00C6355B /* DetailViewController.swift */ = {isa = PBXFileReference; lastKnownFileType = sourcecode.swift; path = DetailViewController.swift; sourceTree = "<group>"; };
		D2FF742228831BED00C6355B /* DetailViewController.xib */ = {isa = PBXFileReference; lastKnownFileType = file.xib; path = DetailViewController.xib; sourceTree = "<group>"; };
		D2FF742528833A5500C6355B /* NetworkModel.swift */ = {isa = PBXFileReference; lastKnownFileType = sourcecode.swift; path = NetworkModel.swift; sourceTree = "<group>"; };
		D2FF742728833BCF00C6355B /* UIViewControllerExtension.swift */ = {isa = PBXFileReference; fileEncoding = 4; lastKnownFileType = sourcecode.swift; name = UIViewControllerExtension.swift; path = ../../../../../KeepCoding/04.IOS.FUNDAMENTOS/6/DragonBall/DragonBall/Extensions/UIViewControllerExtension.swift; sourceTree = "<group>"; };
		D2FF742928833F2300C6355B /* LocalDataModel.swift */ = {isa = PBXFileReference; lastKnownFileType = sourcecode.swift; path = LocalDataModel.swift; sourceTree = "<group>"; };
/* End PBXFileReference section */

/* Begin PBXFrameworksBuildPhase section */
		D2CED477287B47AD0012802F /* Frameworks */ = {
			isa = PBXFrameworksBuildPhase;
			buildActionMask = 2147483647;
			files = (
			);
			runOnlyForDeploymentPostprocessing = 0;
		};
		D2FEFD1C287CC73400F11358 /* Frameworks */ = {
			isa = PBXFrameworksBuildPhase;
			buildActionMask = 2147483647;
			files = (
			);
			runOnlyForDeploymentPostprocessing = 0;
		};
/* End PBXFrameworksBuildPhase section */

/* Begin PBXGroup section */
		D2CED471287B47AD0012802F = {
			isa = PBXGroup;
			children = (
				D2CED47C287B47AD0012802F /* DragonBallXibs */,
				D2FEFD20287CC73400F11358 /* DragonBallXibsTests */,
				D2CED47B287B47AD0012802F /* Products */,
			);
			sourceTree = "<group>";
		};
		D2CED47B287B47AD0012802F /* Products */ = {
			isa = PBXGroup;
			children = (
				D2CED47A287B47AD0012802F /* DragonBallXibs.app */,
				D2FEFD1F287CC73400F11358 /* DragonBallXibsTests.xctest */,
			);
			name = Products;
			sourceTree = "<group>";
		};
		D2CED47C287B47AD0012802F /* DragonBallXibs */ = {
			isa = PBXGroup;
			children = (
				D2CED47D287B47AD0012802F /* AppDelegate.swift */,
				D2CED47F287B47AD0012802F /* SceneDelegate.swift */,
				D2CED491287B48290012802F /* Model */,
				D2CED492287B482F0012802F /* Controllers */,
				D2CED493287B483F0012802F /* Views */,
				D2FF741E2883079700C6355B /* Extensions */,
				D2CED486287B47AE0012802F /* Assets.xcassets */,
				D2CED488287B47AE0012802F /* LaunchScreen.storyboard */,
				D2CED48B287B47AE0012802F /* Info.plist */,
			);
			path = DragonBallXibs;
			sourceTree = "<group>";
		};
		D2CED491287B48290012802F /* Model */ = {
			isa = PBXGroup;
			children = (
				D2FF742528833A5500C6355B /* NetworkModel.swift */,
				D2FF742928833F2300C6355B /* LocalDataModel.swift */,
				D20966A12885CD3D00FFB5BA /* HeroModel.swift */,
				D20966A32885E95B00FFB5BA /* TransformationModel.swift */,
			);
			path = Model;
			sourceTree = "<group>";
		};
		D2CED492287B482F0012802F /* Controllers */ = {
			isa = PBXGroup;
			children = (
				D2CED494287B48920012802F /* LoginViewController.swift */,
				D2FF74152882F52500C6355B /* HeroesTableViewController.swift */,
				D2FF742128831BED00C6355B /* DetailViewController.swift */,
				D20966A52885F46C00FFB5BA /* TransformationsTableViewController.swift */,
				D22FEB56288B2C7C002E2FD4 /* SettingsViewController.swift */,
			);
			path = Controllers;
			sourceTree = "<group>";
		};
		D2CED493287B483F0012802F /* Views */ = {
			isa = PBXGroup;
			children = (
				D2FF7419288301CF00C6355B /* TableViewCell */,
				D2CED495287B48920012802F /* LoginViewController.xib */,
				D2FF74162882F52500C6355B /* HeroesTableViewController.xib */,
				D2FF742228831BED00C6355B /* DetailViewController.xib */,
				D20966A62885F46C00FFB5BA /* TransformationsTableViewController.xib */,
				D22FEB57288B2C7C002E2FD4 /* SettingsViewController.xib */,
			);
			path = Views;
			sourceTree = "<group>";
		};
		D2FEFD20287CC73400F11358 /* DragonBallXibsTests */ = {
			isa = PBXGroup;
			children = (
				D21B135A2889D549007A8F83 /* heroes.json */,
				D2BCB2C7288A0EB1003299E2 /* transformations.json */,
				D21B13542889CFE7007A8F83 /* LocalDataModelTests.swift */,
				D21B13562889D15D007A8F83 /* NetworkModelTests.swift */,
				D21B13582889D3E6007A8F83 /* URLSessionMock.swift */,
			);
			path = DragonBallXibsTests;
			sourceTree = "<group>";
		};
		D2FF7419288301CF00C6355B /* TableViewCell */ = {
			isa = PBXGroup;
			children = (
				D2FF741A288301F200C6355B /* TableViewCell.swift */,
				D2FF741B288301F200C6355B /* TableViewCell.xib */,
			);
			path = TableViewCell;
			sourceTree = "<group>";
		};
		D2FF741E2883079700C6355B /* Extensions */ = {
			isa = PBXGroup;
			children = (
				D2FF741F288307A900C6355B /* UIImageViewExtension.swift */,
				D2FF742728833BCF00C6355B /* UIViewControllerExtension.swift */,
			);
			path = Extensions;
			sourceTree = "<group>";
		};
/* End PBXGroup section */

/* Begin PBXNativeTarget section */
		D2CED479287B47AD0012802F /* DragonBallXibs */ = {
			isa = PBXNativeTarget;
			buildConfigurationList = D2CED48E287B47AE0012802F /* Build configuration list for PBXNativeTarget "DragonBallXibs" */;
			buildPhases = (
				D2CED476287B47AD0012802F /* Sources */,
				D2CED477287B47AD0012802F /* Frameworks */,
				D2CED478287B47AD0012802F /* Resources */,
			);
			buildRules = (
			);
			dependencies = (
			);
			name = DragonBallXibs;
			productName = DragonBallXibs;
			productReference = D2CED47A287B47AD0012802F /* DragonBallXibs.app */;
			productType = "com.apple.product-type.application";
		};
		D2FEFD1E287CC73400F11358 /* DragonBallXibsTests */ = {
			isa = PBXNativeTarget;
			buildConfigurationList = D2FEFD27287CC73400F11358 /* Build configuration list for PBXNativeTarget "DragonBallXibsTests" */;
			buildPhases = (
				D2FEFD1B287CC73400F11358 /* Sources */,
				D2FEFD1C287CC73400F11358 /* Frameworks */,
				D2FEFD1D287CC73400F11358 /* Resources */,
			);
			buildRules = (
			);
			dependencies = (
				D2FEFD24287CC73400F11358 /* PBXTargetDependency */,
			);
			name = DragonBallXibsTests;
			productName = DragonBallXibsTests;
			productReference = D2FEFD1F287CC73400F11358 /* DragonBallXibsTests.xctest */;
			productType = "com.apple.product-type.bundle.unit-test";
		};
/* End PBXNativeTarget section */

/* Begin PBXProject section */
		D2CED472287B47AD0012802F /* Project object */ = {
			isa = PBXProject;
			attributes = {
				BuildIndependentTargetsInParallel = 1;
				LastSwiftUpdateCheck = 1340;
				LastUpgradeCheck = 1340;
				TargetAttributes = {
					D2CED479287B47AD0012802F = {
						CreatedOnToolsVersion = 13.4.1;
					};
					D2FEFD1E287CC73400F11358 = {
						CreatedOnToolsVersion = 13.4.1;
						TestTargetID = D2CED479287B47AD0012802F;
					};
				};
			};
			buildConfigurationList = D2CED475287B47AD0012802F /* Build configuration list for PBXProject "DragonBallXibs" */;
			compatibilityVersion = "Xcode 13.0";
			developmentRegion = en;
			hasScannedForEncodings = 0;
			knownRegions = (
				en,
				Base,
			);
			mainGroup = D2CED471287B47AD0012802F;
			productRefGroup = D2CED47B287B47AD0012802F /* Products */;
			projectDirPath = "";
			projectRoot = "";
			targets = (
				D2CED479287B47AD0012802F /* DragonBallXibs */,
				D2FEFD1E287CC73400F11358 /* DragonBallXibsTests */,
			);
		};
/* End PBXProject section */

/* Begin PBXResourcesBuildPhase section */
		D2CED478287B47AD0012802F /* Resources */ = {
			isa = PBXResourcesBuildPhase;
			buildActionMask = 2147483647;
			files = (
				D2CED48A287B47AE0012802F /* LaunchScreen.storyboard in Resources */,
				D20966A82885F46C00FFB5BA /* TransformationsTableViewController.xib in Resources */,
				D2FF742428831BED00C6355B /* DetailViewController.xib in Resources */,
				D22FEB59288B2C7C002E2FD4 /* SettingsViewController.xib in Resources */,
				D2FF741D288301F200C6355B /* TableViewCell.xib in Resources */,
				D2CED487287B47AE0012802F /* Assets.xcassets in Resources */,
				D2CED497287B48920012802F /* LoginViewController.xib in Resources */,
				D2FF74182882F52500C6355B /* HeroesTableViewController.xib in Resources */,
			);
			runOnlyForDeploymentPostprocessing = 0;
		};
		D2FEFD1D287CC73400F11358 /* Resources */ = {
			isa = PBXResourcesBuildPhase;
			buildActionMask = 2147483647;
			files = (
				D2BCB2C8288A0EB1003299E2 /* transformations.json in Resources */,
				D21B135B2889D549007A8F83 /* heroes.json in Resources */,
			);
			runOnlyForDeploymentPostprocessing = 0;
		};
/* End PBXResourcesBuildPhase section */

/* Begin PBXSourcesBuildPhase section */
		D2CED476287B47AD0012802F /* Sources */ = {
			isa = PBXSourcesBuildPhase;
			buildActionMask = 2147483647;
			files = (
				D2FF742628833A5500C6355B /* NetworkModel.swift in Sources */,
				D2FF741C288301F200C6355B /* TableViewCell.swift in Sources */,
				D20966A22885CD3D00FFB5BA /* HeroModel.swift in Sources */,
				D2FF742828833BD000C6355B /* UIViewControllerExtension.swift in Sources */,
				D2FF742A28833F2300C6355B /* LocalDataModel.swift in Sources */,
				D2CED496287B48920012802F /* LoginViewController.swift in Sources */,
				D2FF7420288307A900C6355B /* UIImageViewExtension.swift in Sources */,
				D2CED47E287B47AD0012802F /* AppDelegate.swift in Sources */,
				D20966A42885E95B00FFB5BA /* TransformationModel.swift in Sources */,
				D22FEB58288B2C7C002E2FD4 /* SettingsViewController.swift in Sources */,
				D20966A72885F46C00FFB5BA /* TransformationsTableViewController.swift in Sources */,
				D2CED480287B47AD0012802F /* SceneDelegate.swift in Sources */,
				D2FF74172882F52500C6355B /* HeroesTableViewController.swift in Sources */,
				D2FF742328831BED00C6355B /* DetailViewController.swift in Sources */,
			);
			runOnlyForDeploymentPostprocessing = 0;
		};
		D2FEFD1B287CC73400F11358 /* Sources */ = {
			isa = PBXSourcesBuildPhase;
			buildActionMask = 2147483647;
			files = (
				D21B13592889D3E6007A8F83 /* URLSessionMock.swift in Sources */,
				D21B13572889D15D007A8F83 /* NetworkModelTests.swift in Sources */,
				D21B13552889CFE7007A8F83 /* LocalDataModelTests.swift in Sources */,
			);
			runOnlyForDeploymentPostprocessing = 0;
		};
/* End PBXSourcesBuildPhase section */

/* Begin PBXTargetDependency section */
		D2FEFD24287CC73400F11358 /* PBXTargetDependency */ = {
			isa = PBXTargetDependency;
			target = D2CED479287B47AD0012802F /* DragonBallXibs */;
			targetProxy = D2FEFD23287CC73400F11358 /* PBXContainerItemProxy */;
		};
/* End PBXTargetDependency section */

/* Begin PBXVariantGroup section */
		D2CED488287B47AE0012802F /* LaunchScreen.storyboard */ = {
			isa = PBXVariantGroup;
			children = (
				D2CED489287B47AE0012802F /* Base */,
			);
			name = LaunchScreen.storyboard;
			sourceTree = "<group>";
		};
/* End PBXVariantGroup section */

/* Begin XCBuildConfiguration section */
		D2CED48C287B47AE0012802F /* Debug */ = {
			isa = XCBuildConfiguration;
			buildSettings = {
				ALWAYS_SEARCH_USER_PATHS = NO;
				CLANG_ANALYZER_NONNULL = YES;
				CLANG_ANALYZER_NUMBER_OBJECT_CONVERSION = YES_AGGRESSIVE;
				CLANG_CXX_LANGUAGE_STANDARD = "gnu++17";
				CLANG_ENABLE_MODULES = YES;
				CLANG_ENABLE_OBJC_ARC = YES;
				CLANG_ENABLE_OBJC_WEAK = YES;
				CLANG_WARN_BLOCK_CAPTURE_AUTORELEASING = YES;
				CLANG_WARN_BOOL_CONVERSION = YES;
				CLANG_WARN_COMMA = YES;
				CLANG_WARN_CONSTANT_CONVERSION = YES;
				CLANG_WARN_DEPRECATED_OBJC_IMPLEMENTATIONS = YES;
				CLANG_WARN_DIRECT_OBJC_ISA_USAGE = YES_ERROR;
				CLANG_WARN_DOCUMENTATION_COMMENTS = YES;
				CLANG_WARN_EMPTY_BODY = YES;
				CLANG_WARN_ENUM_CONVERSION = YES;
				CLANG_WARN_INFINITE_RECURSION = YES;
				CLANG_WARN_INT_CONVERSION = YES;
				CLANG_WARN_NON_LITERAL_NULL_CONVERSION = YES;
				CLANG_WARN_OBJC_IMPLICIT_RETAIN_SELF = YES;
				CLANG_WARN_OBJC_LITERAL_CONVERSION = YES;
				CLANG_WARN_OBJC_ROOT_CLASS = YES_ERROR;
				CLANG_WARN_QUOTED_INCLUDE_IN_FRAMEWORK_HEADER = YES;
				CLANG_WARN_RANGE_LOOP_ANALYSIS = YES;
				CLANG_WARN_STRICT_PROTOTYPES = YES;
				CLANG_WARN_SUSPICIOUS_MOVE = YES;
				CLANG_WARN_UNGUARDED_AVAILABILITY = YES_AGGRESSIVE;
				CLANG_WARN_UNREACHABLE_CODE = YES;
				CLANG_WARN__DUPLICATE_METHOD_MATCH = YES;
				COPY_PHASE_STRIP = NO;
				DEBUG_INFORMATION_FORMAT = dwarf;
				ENABLE_STRICT_OBJC_MSGSEND = YES;
				ENABLE_TESTABILITY = YES;
				GCC_C_LANGUAGE_STANDARD = gnu11;
				GCC_DYNAMIC_NO_PIC = NO;
				GCC_NO_COMMON_BLOCKS = YES;
				GCC_OPTIMIZATION_LEVEL = 0;
				GCC_PREPROCESSOR_DEFINITIONS = (
					"DEBUG=1",
					"$(inherited)",
				);
				GCC_WARN_64_TO_32_BIT_CONVERSION = YES;
				GCC_WARN_ABOUT_RETURN_TYPE = YES_ERROR;
				GCC_WARN_UNDECLARED_SELECTOR = YES;
				GCC_WARN_UNINITIALIZED_AUTOS = YES_AGGRESSIVE;
				GCC_WARN_UNUSED_FUNCTION = YES;
				GCC_WARN_UNUSED_VARIABLE = YES;
				IPHONEOS_DEPLOYMENT_TARGET = 15.5;
				MTL_ENABLE_DEBUG_INFO = INCLUDE_SOURCE;
				MTL_FAST_MATH = YES;
				ONLY_ACTIVE_ARCH = YES;
				SDKROOT = iphoneos;
				SWIFT_ACTIVE_COMPILATION_CONDITIONS = DEBUG;
				SWIFT_OPTIMIZATION_LEVEL = "-Onone";
			};
			name = Debug;
		};
		D2CED48D287B47AE0012802F /* Release */ = {
			isa = XCBuildConfiguration;
			buildSettings = {
				ALWAYS_SEARCH_USER_PATHS = NO;
				CLANG_ANALYZER_NONNULL = YES;
				CLANG_ANALYZER_NUMBER_OBJECT_CONVERSION = YES_AGGRESSIVE;
				CLANG_CXX_LANGUAGE_STANDARD = "gnu++17";
				CLANG_ENABLE_MODULES = YES;
				CLANG_ENABLE_OBJC_ARC = YES;
				CLANG_ENABLE_OBJC_WEAK = YES;
				CLANG_WARN_BLOCK_CAPTURE_AUTORELEASING = YES;
				CLANG_WARN_BOOL_CONVERSION = YES;
				CLANG_WARN_COMMA = YES;
				CLANG_WARN_CONSTANT_CONVERSION = YES;
				CLANG_WARN_DEPRECATED_OBJC_IMPLEMENTATIONS = YES;
				CLANG_WARN_DIRECT_OBJC_ISA_USAGE = YES_ERROR;
				CLANG_WARN_DOCUMENTATION_COMMENTS = YES;
				CLANG_WARN_EMPTY_BODY = YES;
				CLANG_WARN_ENUM_CONVERSION = YES;
				CLANG_WARN_INFINITE_RECURSION = YES;
				CLANG_WARN_INT_CONVERSION = YES;
				CLANG_WARN_NON_LITERAL_NULL_CONVERSION = YES;
				CLANG_WARN_OBJC_IMPLICIT_RETAIN_SELF = YES;
				CLANG_WARN_OBJC_LITERAL_CONVERSION = YES;
				CLANG_WARN_OBJC_ROOT_CLASS = YES_ERROR;
				CLANG_WARN_QUOTED_INCLUDE_IN_FRAMEWORK_HEADER = YES;
				CLANG_WARN_RANGE_LOOP_ANALYSIS = YES;
				CLANG_WARN_STRICT_PROTOTYPES = YES;
				CLANG_WARN_SUSPICIOUS_MOVE = YES;
				CLANG_WARN_UNGUARDED_AVAILABILITY = YES_AGGRESSIVE;
				CLANG_WARN_UNREACHABLE_CODE = YES;
				CLANG_WARN__DUPLICATE_METHOD_MATCH = YES;
				COPY_PHASE_STRIP = NO;
				DEBUG_INFORMATION_FORMAT = "dwarf-with-dsym";
				ENABLE_NS_ASSERTIONS = NO;
				ENABLE_STRICT_OBJC_MSGSEND = YES;
				GCC_C_LANGUAGE_STANDARD = gnu11;
				GCC_NO_COMMON_BLOCKS = YES;
				GCC_WARN_64_TO_32_BIT_CONVERSION = YES;
				GCC_WARN_ABOUT_RETURN_TYPE = YES_ERROR;
				GCC_WARN_UNDECLARED_SELECTOR = YES;
				GCC_WARN_UNINITIALIZED_AUTOS = YES_AGGRESSIVE;
				GCC_WARN_UNUSED_FUNCTION = YES;
				GCC_WARN_UNUSED_VARIABLE = YES;
				IPHONEOS_DEPLOYMENT_TARGET = 15.5;
				MTL_ENABLE_DEBUG_INFO = NO;
				MTL_FAST_MATH = YES;
				SDKROOT = iphoneos;
				SWIFT_COMPILATION_MODE = wholemodule;
				SWIFT_OPTIMIZATION_LEVEL = "-O";
				VALIDATE_PRODUCT = YES;
			};
			name = Release;
		};
		D2CED48F287B47AE0012802F /* Debug */ = {
			isa = XCBuildConfiguration;
			buildSettings = {
				ASSETCATALOG_COMPILER_APPICON_NAME = AppIcon;
				ASSETCATALOG_COMPILER_GLOBAL_ACCENT_COLOR_NAME = AccentColor;
				CODE_SIGN_STYLE = Automatic;
				CURRENT_PROJECT_VERSION = 1;
				GENERATE_INFOPLIST_FILE = YES;
				INFOPLIST_FILE = DragonBallXibs/Info.plist;
				INFOPLIST_KEY_UIApplicationSupportsIndirectInputEvents = YES;
				INFOPLIST_KEY_UILaunchStoryboardName = LaunchScreen;
				INFOPLIST_KEY_UISupportedInterfaceOrientations_iPad = "UIInterfaceOrientationPortrait UIInterfaceOrientationPortraitUpsideDown UIInterfaceOrientationLandscapeLeft UIInterfaceOrientationLandscapeRight";
				INFOPLIST_KEY_UISupportedInterfaceOrientations_iPhone = "UIInterfaceOrientationPortrait UIInterfaceOrientationLandscapeLeft UIInterfaceOrientationLandscapeRight";
				LD_RUNPATH_SEARCH_PATHS = (
					"$(inherited)",
					"@executable_path/Frameworks",
				);
				MARKETING_VERSION = 1.0;
				PRODUCT_BUNDLE_IDENTIFIER = com.joaquinco.DragonBallXibs;
				PRODUCT_NAME = "$(TARGET_NAME)";
				SWIFT_EMIT_LOC_STRINGS = YES;
				SWIFT_VERSION = 5.0;
				TARGETED_DEVICE_FAMILY = "1,2";
			};
			name = Debug;
		};
		D2CED490287B47AE0012802F /* Release */ = {
			isa = XCBuildConfiguration;
			buildSettings = {
				ASSETCATALOG_COMPILER_APPICON_NAME = AppIcon;
				ASSETCATALOG_COMPILER_GLOBAL_ACCENT_COLOR_NAME = AccentColor;
				CODE_SIGN_STYLE = Automatic;
				CURRENT_PROJECT_VERSION = 1;
				GENERATE_INFOPLIST_FILE = YES;
				INFOPLIST_FILE = DragonBallXibs/Info.plist;
				INFOPLIST_KEY_UIApplicationSupportsIndirectInputEvents = YES;
				INFOPLIST_KEY_UILaunchStoryboardName = LaunchScreen;
				INFOPLIST_KEY_UISupportedInterfaceOrientations_iPad = "UIInterfaceOrientationPortrait UIInterfaceOrientationPortraitUpsideDown UIInterfaceOrientationLandscapeLeft UIInterfaceOrientationLandscapeRight";
				INFOPLIST_KEY_UISupportedInterfaceOrientations_iPhone = "UIInterfaceOrientationPortrait UIInterfaceOrientationLandscapeLeft UIInterfaceOrientationLandscapeRight";
				LD_RUNPATH_SEARCH_PATHS = (
					"$(inherited)",
					"@executable_path/Frameworks",
				);
				MARKETING_VERSION = 1.0;
				PRODUCT_BUNDLE_IDENTIFIER = com.joaquinco.DragonBallXibs;
				PRODUCT_NAME = "$(TARGET_NAME)";
				SWIFT_EMIT_LOC_STRINGS = YES;
				SWIFT_VERSION = 5.0;
				TARGETED_DEVICE_FAMILY = "1,2";
			};
			name = Release;
		};
		D2FEFD25287CC73400F11358 /* Debug */ = {
			isa = XCBuildConfiguration;
			buildSettings = {
				BUNDLE_LOADER = "$(TEST_HOST)";
				CODE_SIGN_STYLE = Automatic;
				CURRENT_PROJECT_VERSION = 1;
				GENERATE_INFOPLIST_FILE = YES;
				MARKETING_VERSION = 1.0;
				PRODUCT_BUNDLE_IDENTIFIER = com.joaquinco.DragonBallXibsTests;
				PRODUCT_NAME = "$(TARGET_NAME)";
				SWIFT_EMIT_LOC_STRINGS = NO;
				SWIFT_VERSION = 5.0;
				TARGETED_DEVICE_FAMILY = "1,2";
				TEST_HOST = "$(BUILT_PRODUCTS_DIR)/DragonBallXibs.app/DragonBallXibs";
			};
			name = Debug;
		};
		D2FEFD26287CC73400F11358 /* Release */ = {
			isa = XCBuildConfiguration;
			buildSettings = {
				BUNDLE_LOADER = "$(TEST_HOST)";
				CODE_SIGN_STYLE = Automatic;
				CURRENT_PROJECT_VERSION = 1;
				GENERATE_INFOPLIST_FILE = YES;
				MARKETING_VERSION = 1.0;
				PRODUCT_BUNDLE_IDENTIFIER = com.joaquinco.DragonBallXibsTests;
				PRODUCT_NAME = "$(TARGET_NAME)";
				SWIFT_EMIT_LOC_STRINGS = NO;
				SWIFT_VERSION = 5.0;
				TARGETED_DEVICE_FAMILY = "1,2";
				TEST_HOST = "$(BUILT_PRODUCTS_DIR)/DragonBallXibs.app/DragonBallXibs";
			};
			name = Release;
		};
/* End XCBuildConfiguration section */

/* Begin XCConfigurationList section */
		D2CED475287B47AD0012802F /* Build configuration list for PBXProject "DragonBallXibs" */ = {
			isa = XCConfigurationList;
			buildConfigurations = (
				D2CED48C287B47AE0012802F /* Debug */,
				D2CED48D287B47AE0012802F /* Release */,
			);
			defaultConfigurationIsVisible = 0;
			defaultConfigurationName = Release;
		};
		D2CED48E287B47AE0012802F /* Build configuration list for PBXNativeTarget "DragonBallXibs" */ = {
			isa = XCConfigurationList;
			buildConfigurations = (
				D2CED48F287B47AE0012802F /* Debug */,
				D2CED490287B47AE0012802F /* Release */,
			);
			defaultConfigurationIsVisible = 0;
			defaultConfigurationName = Release;
		};
		D2FEFD27287CC73400F11358 /* Build configuration list for PBXNativeTarget "DragonBallXibsTests" */ = {
			isa = XCConfigurationList;
			buildConfigurations = (
				D2FEFD25287CC73400F11358 /* Debug */,
				D2FEFD26287CC73400F11358 /* Release */,
			);
			defaultConfigurationIsVisible = 0;
			defaultConfigurationName = Release;
		};
/* End XCConfigurationList section */
	};
	rootObject = D2CED472287B47AD0012802F /* Project object */;
}
